<?xml version="1.0" encoding="utf-8"?>
<Project ToolsVersion="4.0" xmlns="http://schemas.microsoft.com/developer/msbuild/2003">
  <ItemGroup>
    <Filter Include="Common">
      <UniqueIdentifier>15cefae9-d29e-4a17-85fd-8eb52ea8b4e6</UniqueIdentifier>
    </Filter>
    <Filter Include="Assets">
      <UniqueIdentifier>6a32a97f-42e7-4b2e-b4c0-b2a69bd46f58</UniqueIdentifier>
    </Filter>
    <Page Include="Common\StandardStyles.xaml">
      <Filter>Common</Filter>
    </Page>
    <Image Include="Assets\Logo.png">
      <Filter>Assets</Filter>
    </Image>
    <Image Include="Assets\SmallLogo.png">
      <Filter>Assets</Filter>
    </Image>
    <Image Include="Assets\StoreLogo.png">
      <Filter>Assets</Filter>
    </Image>
    <Image Include="Assets\SplashScreen.png">
      <Filter>Assets</Filter>
    </Image>
    <Filter Include="Game Classes">
      <UniqueIdentifier>{6250ce80-874f-4c19-a1b7-9a72c0cea71a}</UniqueIdentifier>
    </Filter>
    <Filter Include="Graphics">
      <UniqueIdentifier>{0d126a93-1efd-4820-99f0-e753184b346e}</UniqueIdentifier>
    </Filter>
  </ItemGroup>
  <ItemGroup>
    <ApplicationDefinition Include="App.xaml" />
  </ItemGroup>
  <ItemGroup>
    <ClCompile Include="DirectXBase.cpp" />
    <ClCompile Include="App.xaml.cpp" />
    <ClCompile Include="DirectXPage.xaml.cpp" />
    <ClCompile Include="pch.cpp" />
    <ClCompile Include="Explosion.cpp">
      <Filter>Game Classes</Filter>
    </ClCompile>
    <ClCompile Include="Fuel.cpp">
      <Filter>Game Classes</Filter>
    </ClCompile>
    <ClCompile Include="Game.cpp">
      <Filter>Game Classes</Filter>
    </ClCompile>
    <ClCompile Include="Star.cpp">
      <Filter>Game Classes</Filter>
    </ClCompile>
    <ClCompile Include="Ship.cpp">
      <Filter>Game Classes</Filter>
    </ClCompile>
    <ClCompile Include="Planet.cpp">
      <Filter>Game Classes</Filter>
    </ClCompile>
    <ClCompile Include="Meteor.cpp">
      <Filter>Game Classes</Filter>
    </ClCompile>
    <ClCompile Include="ImageLoader.cpp">
      <Filter>Game Classes</Filter>
    </ClCompile>
    <ClCompile Include="Renderer.cpp" />
    <ClCompile Include="MovingObjects.cpp">
      <Filter>Game Classes</Filter>
    </ClCompile>
    <ClCompile Include="AnimatedObjects.cpp">
      <Filter>Game Classes</Filter>
    </ClCompile>
  </ItemGroup>
  <ItemGroup>
    <ClInclude Include="pch.h" />
    <ClInclude Include="App.xaml.h" />
    <ClInclude Include="DirectXPage.xaml.h" />
    <ClInclude Include="BasicTimer.h" />
    <ClInclude Include="DirectXHelper.h" />
    <ClInclude Include="DirectXBase.h" />
    <ClInclude Include="Explosion.h">
      <Filter>Game Classes</Filter>
    </ClInclude>
    <ClInclude Include="Fuel.h">
      <Filter>Game Classes</Filter>
    </ClInclude>
    <ClInclude Include="Game.h">
      <Filter>Game Classes</Filter>
    </ClInclude>
    <ClInclude Include="Star.h">
      <Filter>Game Classes</Filter>
    </ClInclude>
    <ClInclude Include="Ship.h">
      <Filter>Game Classes</Filter>
    </ClInclude>
    <ClInclude Include="Planet.h">
      <Filter>Game Classes</Filter>
    </ClInclude>
    <ClInclude Include="Meteor.h">
      <Filter>Game Classes</Filter>
    </ClInclude>
    <ClInclude Include="ImageLoader.h">
      <Filter>Game Classes</Filter>
    </ClInclude>
    <ClInclude Include="Renderer.h" />
    <ClInclude Include="MovingObjects.h">
      <Filter>Game Classes</Filter>
    </ClInclude>
    <ClInclude Include="AnimatedObjects.h">
      <Filter>Game Classes</Filter>
    </ClInclude>
  </ItemGroup>
  <ItemGroup>
    <AppxManifest Include="Package.appxmanifest" />
  </ItemGroup>
  <ItemGroup>
    <None Include="GyroSpace_TemporaryKey.pfx" />
  </ItemGroup>
  <ItemGroup>
    <Page Include="DirectXPage.xaml" />
  </ItemGroup>
  <ItemGroup>
    <Image Include="gameover.png">
      <Filter>Graphics</Filter>
    </Image>
    <Image Include="alien.png">
      <Filter>Graphics</Filter>
    </Image>
    <Image Include="earth.png">
      <Filter>Graphics</Filter>
    </Image>
    <Image Include="explosion.png">
      <Filter>Graphics</Filter>
    </Image>
    <Image Include="fuel0.png">
      <Filter>Graphics</Filter>
    </Image>
    <Image Include="fuelgauge.png">
      <Filter>Graphics</Filter>
    </Image>
    <Image Include="highscore.png">
      <Filter>Graphics</Filter>
    </Image>
    <Image Include="ice.png">
      <Filter>Graphics</Filter>
    </Image>
    <Image Include="info.png">
      <Filter>Graphics</Filter>
    </Image>
    <Image Include="meteor0.png">
      <Filter>Graphics</Filter>
    </Image>
    <Image Include="meteor1.png">
      <Filter>Graphics</Filter>
    </Image>
    <Image Include="meteor3.png">
      <Filter>Graphics</Filter>
    </Image>
    <Image Include="options.png">
      <Filter>Graphics</Filter>
    </Image>
    <Image Include="ship.png">
      <Filter>Graphics</Filter>
    </Image>
    <Image Include="start.png">
      <Filter>Graphics</Filter>
    </Image>
    <Image Include="titlescreen.png">
      <Filter>Graphics</Filter>
    </Image>
    <Image Include="star.png">
      <Filter>Graphics</Filter>
    </Image>
    <Image Include="bitmap.png">
      <Filter>Graphics</Filter>
    </Image>
    <Image Include="bitmap1.png">
      <Filter>Graphics</Filter>
    </Image>
    <Image Include="bitmap2.png">
      <Filter>Graphics</Filter>
    </Image>
    <Image Include="bitmap3.png">
      <Filter>Graphics</Filter>
    </Image>
    <Image Include="Options Meteor.png">
      <Filter>Graphics</Filter>
    </Image>
    <Image Include="Options Meteor1.png">
      <Filter>Graphics</Filter>
    </Image>
    <Image Include="Assets\WideLogo.scale-100.png" />
  </ItemGroup>
</Project>